// !$*UTF8*$!
{
	archiveVersion = 1;
	classes = {
	};
	objectVersion = 46;
	objects = {

/* Begin PBXBuildFile section */
		1494D49217601E4000801054 /* UIKit.framework in Frameworks */ = {isa = PBXBuildFile; fileRef = 1494D49117601E4000801054 /* UIKit.framework */; };
		1494D49417601E4000801054 /* Foundation.framework in Frameworks */ = {isa = PBXBuildFile; fileRef = 1494D49317601E4000801054 /* Foundation.framework */; };
		1494D49617601E4000801054 /* CoreGraphics.framework in Frameworks */ = {isa = PBXBuildFile; fileRef = 1494D49517601E4000801054 /* CoreGraphics.framework */; };
		1494D49C17601E4000801054 /* InfoPlist.strings in Resources */ = {isa = PBXBuildFile; fileRef = 1494D49A17601E4000801054 /* InfoPlist.strings */; };
		1494D49E17601E4000801054 /* main.m in Sources */ = {isa = PBXBuildFile; fileRef = 1494D49D17601E4000801054 /* main.m */; };
		1494D4A217601E4000801054 /* AppDelegate.m in Sources */ = {isa = PBXBuildFile; fileRef = 1494D4A117601E4000801054 /* AppDelegate.m */; };
		1494D4A417601E4000801054 /* Default.png in Resources */ = {isa = PBXBuildFile; fileRef = 1494D4A317601E4000801054 /* Default.png */; };
		1494D4A617601E4000801054 /* Default@2x.png in Resources */ = {isa = PBXBuildFile; fileRef = 1494D4A517601E4000801054 /* Default@2x.png */; };
		1494D4A817601E4000801054 /* Default-568h@2x.png in Resources */ = {isa = PBXBuildFile; fileRef = 1494D4A717601E4000801054 /* Default-568h@2x.png */; };
		1494D4AB17601E4000801054 /* ViewController.m in Sources */ = {isa = PBXBuildFile; fileRef = 1494D4AA17601E4000801054 /* ViewController.m */; };
		1494D4AE17601E4000801054 /* ViewController.xib in Resources */ = {isa = PBXBuildFile; fileRef = 1494D4AC17601E4000801054 /* ViewController.xib */; };
		1494D4B517601E6400801054 /* QuartzCore.framework in Frameworks */ = {isa = PBXBuildFile; fileRef = 1494D4B417601E6400801054 /* QuartzCore.framework */; };
/* End PBXBuildFile section */

/* Begin PBXFileReference section */
		1494D48E17601E4000801054 /* CATransform3DDemo.app */ = {isa = PBXFileReference; explicitFileType = wrapper.application; includeInIndex = 0; path = CATransform3DDemo.app; sourceTree = BUILT_PRODUCTS_DIR; };
		1494D49117601E4000801054 /* UIKit.framework */ = {isa = PBXFileReference; lastKnownFileType = wrapper.framework; name = UIKit.framework; path = System/Library/Frameworks/UIKit.framework; sourceTree = SDKROOT; };
		1494D49317601E4000801054 /* Foundation.framework */ = {isa = PBXFileReference; lastKnownFileType = wrapper.framework; name = Foundation.framework; path = System/Library/Frameworks/Foundation.framework; sourceTree = SDKROOT; };
		1494D49517601E4000801054 /* CoreGraphics.framework */ = {isa = PBXFileReference; lastKnownFileType = wrapper.framework; name = CoreGraphics.framework; path = System/Library/Frameworks/CoreGraphics.framework; sourceTree = SDKROOT; };
		1494D49917601E4000801054 /* CATransform3DDemo-Info.plist */ = {isa = PBXFileReference; lastKnownFileType = text.plist.xml; path = "CATransform3DDemo-Info.plist"; sourceTree = "<group>"; };
		1494D49B17601E4000801054 /* en */ = {isa = PBXFileReference; lastKnownFileType = text.plist.strings; name = en; path = en.lproj/InfoPlist.strings; sourceTree = "<group>"; };
		1494D49D17601E4000801054 /* main.m */ = {isa = PBXFileReference; lastKnownFileType = sourcecode.c.objc; path = main.m; sourceTree = "<group>"; };
		1494D49F17601E4000801054 /* CATransform3DDemo-Prefix.pch */ = {isa = PBXFileReference; lastKnownFileType = sourcecode.c.h; path = "CATransform3DDemo-Prefix.pch"; sourceTree = "<group>"; };
		1494D4A017601E4000801054 /* AppDelegate.h */ = {isa = PBXFileReference; lastKnownFileType = sourcecode.c.h; path = AppDelegate.h; sourceTree = "<group>"; };
		1494D4A117601E4000801054 /* AppDelegate.m */ = {isa = PBXFileReference; lastKnownFileType = sourcecode.c.objc; path = AppDelegate.m; sourceTree = "<group>"; };
		1494D4A317601E4000801054 /* Default.png */ = {isa = PBXFileReference; lastKnownFileType = image.png; path = Default.png; sourceTree = "<group>"; };
		1494D4A517601E4000801054 /* Default@2x.png */ = {isa = PBXFileReference; lastKnownFileType = image.png; path = "Default@2x.png"; sourceTree = "<group>"; };
		1494D4A717601E4000801054 /* Default-568h@2x.png */ = {isa = PBXFileReference; lastKnownFileType = image.png; path = "Default-568h@2x.png"; sourceTree = "<group>"; };
		1494D4A917601E4000801054 /* ViewController.h */ = {isa = PBXFileReference; lastKnownFileType = sourcecode.c.h; path = ViewController.h; sourceTree = "<group>"; };
		1494D4AA17601E4000801054 /* ViewController.m */ = {isa = PBXFileReference; lastKnownFileType = sourcecode.c.objc; path = ViewController.m; sourceTree = "<group>"; };
		1494D4AD17601E4000801054 /* en */ = {isa = PBXFileReference; lastKnownFileType = file.xib; name = en; path = en.lproj/ViewController.xib; sourceTree = "<group>"; };
		1494D4B417601E6400801054 /* QuartzCore.framework */ = {isa = PBXFileReference; lastKnownFileType = wrapper.framework; name = QuartzCore.framework; path = System/Library/Frameworks/QuartzCore.framework; sourceTree = SDKROOT; };
/* End PBXFileReference section */

/* Begin PBXFrameworksBuildPhase section */
		1494D48B17601E4000801054 /* Frameworks */ = {
			isa = PBXFrameworksBuildPhase;
			buildActionMask = 2147483647;
			files = (
				1494D4B517601E6400801054 /* QuartzCore.framework in Frameworks */,
				1494D49217601E4000801054 /* UIKit.framework in Frameworks */,
				1494D49417601E4000801054 /* Foundation.framework in Frameworks */,
				1494D49617601E4000801054 /* CoreGraphics.framework in Frameworks */,
			);
			runOnlyForDeploymentPostprocessing = 0;
		};
/* End PBXFrameworksBuildPhase section */

/* Begin PBXGroup section */
		1494D48517601E4000801054 = {
			isa = PBXGroup;
			children = (
				1494D49717601E4000801054 /* CATransform3DDemo */,
				1494D49017601E4000801054 /* Frameworks */,
				1494D48F17601E4000801054 /* Products */,
			);
			sourceTree = "<group>";
		};
		1494D48F17601E4000801054 /* Products */ = {
			isa = PBXGroup;
			children = (
				1494D48E17601E4000801054 /* CATransform3DDemo.app */,
			);
			name = Products;
			sourceTree = "<group>";
		};
		1494D49017601E4000801054 /* Frameworks */ = {
			isa = PBXGroup;
			children = (
				1494D4B417601E6400801054 /* QuartzCore.framework */,
				1494D49117601E4000801054 /* UIKit.framework */,
				1494D49317601E4000801054 /* Foundation.framework */,
				1494D49517601E4000801054 /* CoreGraphics.framework */,
			);
			name = Frameworks;
			sourceTree = "<group>";
		};
		1494D49717601E4000801054 /* CATransform3DDemo */ = {
			isa = PBXGroup;
			children = (
				1494D4A017601E4000801054 /* AppDelegate.h */,
				1494D4A117601E4000801054 /* AppDelegate.m */,
				1494D4A917601E4000801054 /* ViewController.h */,
				1494D4AA17601E4000801054 /* ViewController.m */,
				1494D4AC17601E4000801054 /* ViewController.xib */,
				1494D49817601E4000801054 /* Supporting Files */,
			);
			path = CATransform3DDemo;
			sourceTree = "<group>";
		};
		1494D49817601E4000801054 /* Supporting Files */ = {
			isa = PBXGroup;
			children = (
				1494D49917601E4000801054 /* CATransform3DDemo-Info.plist */,
				1494D49A17601E4000801054 /* InfoPlist.strings */,
				1494D49D17601E4000801054 /* main.m */,
				1494D49F17601E4000801054 /* CATransform3DDemo-Prefix.pch */,
				1494D4A317601E4000801054 /* Default.png */,
				1494D4A517601E4000801054 /* Default@2x.png */,
				1494D4A717601E4000801054 /* Default-568h@2x.png */,
			);
			name = "Supporting Files";
			sourceTree = "<group>";
		};
/* End PBXGroup section */

/* Begin PBXNativeTarget section */
		1494D48D17601E4000801054 /* CATransform3DDemo */ = {
			isa = PBXNativeTarget;
			buildConfigurationList = 1494D4B117601E4000801054 /* Build configuration list for PBXNativeTarget "CATransform3DDemo" */;
			buildPhases = (
				1494D48A17601E4000801054 /* Sources */,
				1494D48B17601E4000801054 /* Frameworks */,
				1494D48C17601E4000801054 /* Resources */,
			);
			buildRules = (
			);
			dependencies = (
			);
			name = CATransform3DDemo;
			productName = CATransform3DDemo;
			productReference = 1494D48E17601E4000801054 /* CATransform3DDemo.app */;
			productType = "com.apple.product-type.application";
		};
/* End PBXNativeTarget section */

/* Begin PBXProject section */
		1494D48617601E4000801054 /* Project object */ = {
			isa = PBXProject;
			attributes = {
				LastUpgradeCheck = 0460;
				ORGANIZATIONNAME = ChinaEBI;
			};
			buildConfigurationList = 1494D48917601E4000801054 /* Build configuration list for PBXProject "CATransform3DDemo" */;
			compatibilityVersion = "Xcode 3.2";
			developmentRegion = English;
			hasScannedForEncodings = 0;
			knownRegions = (
				en,
			);
			mainGroup = 1494D48517601E4000801054;
			productRefGroup = 1494D48F17601E4000801054 /* Products */;
			projectDirPath = "";
			projectRoot = "";
			targets = (
				1494D48D17601E4000801054 /* CATransform3DDemo */,
			);
		};
/* End PBXProject section */

/* Begin PBXResourcesBuildPhase section */
		1494D48C17601E4000801054 /* Resources */ = {
			isa = PBXResourcesBuildPhase;
			buildActionMask = 2147483647;
			files = (
				1494D49C17601E4000801054 /* InfoPlist.strings in Resources */,
				1494D4A417601E4000801054 /* Default.png in Resources */,
				1494D4A617601E4000801054 /* Default@2x.png in Resources */,
				1494D4A817601E4000801054 /* Default-568h@2x.png in Resources */,
				1494D4AE17601E4000801054 /* ViewController.xib in Resources */,
			);
			runOnlyForDeploymentPostprocessing = 0;
		};
/* End PBXResourcesBuildPhase section */

/* Begin PBXSourcesBuildPhase section */
		1494D48A17601E4000801054 /* Sources */ = {
			isa = PBXSourcesBuildPhase;
			buildActionMask = 2147483647;
			files = (
				1494D49E17601E4000801054 /* main.m in Sources */,
				1494D4A217601E4000801054 /* AppDelegate.m in Sources */,
				1494D4AB17601E4000801054 /* ViewController.m in Sources */,
			);
			runOnlyForDeploymentPostprocessing = 0;
		};
/* End PBXSourcesBuildPhase section */

/* Begin PBXVariantGroup section */
		1494D49A17601E4000801054 /* InfoPlist.strings */ = {
			isa = PBXVariantGroup;
			children = (
				1494D49B17601E4000801054 /* en */,
			);
			name = InfoPlist.strings;
			sourceTree = "<group>";
		};
		1494D4AC17601E4000801054 /* ViewController.xib */ = {
			isa = PBXVariantGroup;
			children = (
				1494D4AD17601E4000801054 /* en */,
			);
			name = ViewController.xib;
			sourceTree = "<group>";
		};
/* End PBXVariantGroup section */

/* Begin XCBuildConfiguration section */
		1494D4AF17601E4000801054 /* Debug */ = {
			isa = XCBuildConfiguration;
			buildSettings = {
				ALWAYS_SEARCH_USER_PATHS = NO;
				CLANG_CXX_LANGUAGE_STANDARD = "gnu++0x";
				CLANG_CXX_LIBRARY = "libc++";
				CLANG_WARN_CONSTANT_CONVERSION = YES;
				CLANG_WARN_EMPTY_BODY = YES;
				CLANG_WARN_ENUM_CONVERSION = YES;
				CLANG_WARN_INT_CONVERSION = YES;
				CLANG_WARN__DUPLICATE_METHOD_MATCH = YES;
				"CODE_SIGN_IDENTITY[sdk=iphoneos*]" = "iPhone Developer";
				COPY_PHASE_STRIP = NO;
				GCC_C_LANGUAGE_STANDARD = gnu99;
				GCC_DYNAMIC_NO_PIC = NO;
				GCC_OPTIMIZATION_LEVEL = 0;
				GCC_PREPROCESSOR_DEFINITIONS = (
					"DEBUG=1",
					"$(inherited)",
				);
				GCC_SYMBOLS_PRIVATE_EXTERN = NO;
				GCC_WARN_ABOUT_RETURN_TYPE = YES;
				GCC_WARN_UNINITIALIZED_AUTOS = YES;
				GCC_WARN_UNUSED_VARIABLE = YES;
				IPHONEOS_DEPLOYMENT_TARGET = 6.1;
				ONLY_ACTIVE_ARCH = YES;
				SDKROOT = iphoneos;
			};
			name = Debug;
		};
		1494D4B017601E4000801054 /* Release */ = {
			isa = XCBuildConfiguration;
			buildSettings = {
				ALWAYS_SEARCH_USER_PATHS = NO;
				CLANG_CXX_LANGUAGE_STANDARD = "gnu++0x";
				CLANG_CXX_LIBRARY = "libc++";
				CLANG_WARN_CONSTANT_CONVERSION = YES;
				CLANG_WARN_EMPTY_BODY = YES;
				CLANG_WARN_ENUM_CONVERSION = YES;
				CLANG_WARN_INT_CONVERSION = YES;
				CLANG_WARN__DUPLICATE_METHOD_MATCH = YES;
				"CODE_SIGN_IDENTITY[sdk=iphoneos*]" = "iPhone Developer";
				COPY_PHASE_STRIP = YES;
				GCC_C_LANGUAGE_STANDARD = gnu99;
				GCC_WARN_ABOUT_RETURN_TYPE = YES;
				GCC_WARN_UNINITIALIZED_AUTOS = YES;
				GCC_WARN_UNUSED_VARIABLE = YES;
				IPHONEOS_DEPLOYMENT_TARGET = 6.1;
				OTHER_CFLAGS = "-DNS_BLOCK_ASSERTIONS=1";
				SDKROOT = iphoneos;
				VALIDATE_PRODUCT = YES;
			};
			name = Release;
		};
		1494D4B217601E4000801054 /* Debug */ = {
			isa = XCBuildConfiguration;
			buildSettings = {
				GCC_PRECOMPILE_PREFIX_HEADER = YES;
				GCC_PREFIX_HEADER = "CATransform3DDemo/CATransform3DDemo-Prefix.pch";
				INFOPLIST_FILE = "CATransform3DDemo/CATransform3DDemo-Info.plist";
				PRODUCT_NAME = "$(TARGET_NAME)";
				WRAPPER_EXTENSION = app;
			};
			name = Debug;
		};
		1494D4B317601E4000801054 /* Release */ = {
			isa = XCBuildConfiguration;
			buildSettings = {
				GCC_PRECOMPILE_PREFIX_HEADER = YES;
				GCC_PREFIX_HEADER = "CATransform3DDemo/CATransform3DDemo-Prefix.pch";
				INFOPLIST_FILE = "CATransform3DDemo/CATransform3DDemo-Info.plist";
				PRODUCT_NAME = "$(TARGET_NAME)";
				WRAPPER_EXTENSION = app;
			};
			name = Release;
		};
/* End XCBuildConfiguration section */

/* Begin XCConfigurationList section */
		1494D48917601E4000801054 /* Build configuration list for PBXProject "CATransform3DDemo" */ = {
			isa = XCConfigurationList;
			buildConfigurations = (
				1494D4AF17601E4000801054 /* Debug */,
				1494D4B017601E4000801054 /* Release */,
			);
			defaultConfigurationIsVisible = 0;
			defaultConfigurationName = Release;
		};
		1494D4B117601E4000801054 /* Build configuration list for PBXNativeTarget "CATransform3DDemo" */ = {
			isa = XCConfigurationList;
			buildConfigurations = (
				1494D4B217601E4000801054 /* Debug */,
				1494D4B317601E4000801054 /* Release */,
			);
			defaultConfigurationIsVisible = 0;
		};
/* End XCConfigurationList section */
	};
	rootObject = 1494D48617601E4000801054 /* Project object */;
}
